{
  "originHash" : "427b608ce1308d119196168007dced006e3b1ebb8d7ac05c55c6111fe6f75a09",
  "pins" : [
    {
      "identity" : "macroskit",
      "kind" : "remoteSourceControl",
      "location" : "https://github.com/buildexperience/MacrosKit.git",
      "state" : {
        "branch" : "main",
        "revision" : "06ec396390a04d97e53a691710b9843d2e999f95"
      }
    },
    {
      "identity" : "swift-syntax",
      "kind" : "remoteSourceControl",
      "location" : "https://github.com/swiftlang/swift-syntax.git",
      "state" : {
        "revision" : "0687f71944021d616d34d922343dcef086855920",
        "version" : "600.0.1"
      }
    }
  ],
  "version" : 3
}
