{
  "originHash" : "985a6fd891bdfdaf4bf88eaa8d8875641975a80ce5ccef5329794e8e8225b013",
  "pins" : [
    {
      "identity" : "macroskit",
      "kind" : "remoteSourceControl",
      "location" : "https://github.com/buildexperience/MacrosKit.git",
      "state" : {
        "revision" : "f5d60c1b21f7f35c786264ec8198dea7165a320f",
        "version" : "1.0.0"
      }
    },
    {
      "identity" : "swift-syntax",
      "kind" : "remoteSourceControl",
      "location" : "https://github.com/swiftlang/swift-syntax.git",
      "state" : {
        "revision" : "0687f71944021d616d34d922343dcef086855920",
        "version" : "600.0.1"
      }
    }
  ],
  "version" : 3
}
