{
  "originHash" : "21afcf2bfcac2f4b15dec425a1543f8cda26d94d98d571ee9ba4b420d5ab8578",
  "pins" : [
    {
      "identity" : "macroskit",
      "kind" : "remoteSourceControl",
      "location" : "https://github.com/buildexperience/MacrosKit.git",
      "state" : {
        "revision" : "5fc548066843e106e64258fd0d303e159e2a4eb8",
        "version" : "1.0.2"
      }
    },
    {
      "identity" : "swift-syntax",
      "kind" : "remoteSourceControl",
      "location" : "https://github.com/swiftlang/swift-syntax.git",
      "state" : {
        "revision" : "f99ae8aa18f0cf0d53481901f88a0991dc3bd4a2",
        "version" : "601.0.1"
      }
    }
  ],
  "version" : 3
}
